// !$*UTF8*$!
{
	archiveVersion = 1;
	classes = {
	};
	objectVersion = 55;
	objects = {

/* Begin PBXBuildFile section */
		860DDF7627E1B03C0018B74D /* AppDelegate.swift in Sources */ = {isa = PBXBuildFile; fileRef = 860DDF7527E1B03C0018B74D /* AppDelegate.swift */; };
		860DDF7827E1B03C0018B74D /* SceneDelegate.swift in Sources */ = {isa = PBXBuildFile; fileRef = 860DDF7727E1B03C0018B74D /* SceneDelegate.swift */; };
		860DDF7A27E1B03C0018B74D /* ViewController.swift in Sources */ = {isa = PBXBuildFile; fileRef = 860DDF7927E1B03C0018B74D /* ViewController.swift */; };
		860DDF7D27E1B03C0018B74D /* Main.storyboard in Resources */ = {isa = PBXBuildFile; fileRef = 860DDF7B27E1B03C0018B74D /* Main.storyboard */; };
		860DDF7F27E1B0400018B74D /* Assets.xcassets in Resources */ = {isa = PBXBuildFile; fileRef = 860DDF7E27E1B0400018B74D /* Assets.xcassets */; };
		860DDF8227E1B0400018B74D /* LaunchScreen.storyboard in Resources */ = {isa = PBXBuildFile; fileRef = 860DDF8027E1B0400018B74D /* LaunchScreen.storyboard */; };
		860DDF9027E1B2780018B74D /* UniformTypeIdentifiers.framework in Frameworks */ = {isa = PBXBuildFile; fileRef = 860DDF8F27E1B2780018B74D /* UniformTypeIdentifiers.framework */; };
		860DDF9327E1B2780018B74D /* Media.xcassets in Resources */ = {isa = PBXBuildFile; fileRef = 860DDF9227E1B2780018B74D /* Media.xcassets */; };
		860DDF9527E1B2780018B74D /* ActionViewController.swift in Sources */ = {isa = PBXBuildFile; fileRef = 860DDF9427E1B2780018B74D /* ActionViewController.swift */; };
		860DDF9827E1B2780018B74D /* MainInterface.storyboard in Resources */ = {isa = PBXBuildFile; fileRef = 860DDF9627E1B2780018B74D /* MainInterface.storyboard */; };
		860DDF9C27E1B2780018B74D /* Extension.appex in Embed App Extensions */ = {isa = PBXBuildFile; fileRef = 860DDF8D27E1B2780018B74D /* Extension.appex */; settings = {ATTRIBUTES = (RemoveHeadersOnCopy, ); }; };
/* End PBXBuildFile section */

/* Begin PBXContainerItemProxy section */
		860DDF9A27E1B2780018B74D /* PBXContainerItemProxy */ = {
			isa = PBXContainerItemProxy;
			containerPortal = 860DDF6A27E1B03C0018B74D /* Project object */;
			proxyType = 1;
			remoteGlobalIDString = 860DDF8C27E1B2780018B74D;
			remoteInfo = Extension;
		};
/* End PBXContainerItemProxy section */

/* Begin PBXCopyFilesBuildPhase section */
		860DDFA027E1B2780018B74D /* Embed App Extensions */ = {
			isa = PBXCopyFilesBuildPhase;
			buildActionMask = 2147483647;
			dstPath = "";
			dstSubfolderSpec = 13;
			files = (
				860DDF9C27E1B2780018B74D /* Extension.appex in Embed App Extensions */,
			);
			name = "Embed App Extensions";
			runOnlyForDeploymentPostprocessing = 0;
		};
/* End PBXCopyFilesBuildPhase section */

/* Begin PBXFileReference section */
		860DDF7227E1B03C0018B74D /* Project19_JavascriptInjection.app */ = {isa = PBXFileReference; explicitFileType = wrapper.application; includeInIndex = 0; path = Project19_JavascriptInjection.app; sourceTree = BUILT_PRODUCTS_DIR; };
		860DDF7527E1B03C0018B74D /* AppDelegate.swift */ = {isa = PBXFileReference; lastKnownFileType = sourcecode.swift; path = AppDelegate.swift; sourceTree = "<group>"; };
		860DDF7727E1B03C0018B74D /* SceneDelegate.swift */ = {isa = PBXFileReference; lastKnownFileType = sourcecode.swift; path = SceneDelegate.swift; sourceTree = "<group>"; };
		860DDF7927E1B03C0018B74D /* ViewController.swift */ = {isa = PBXFileReference; lastKnownFileType = sourcecode.swift; path = ViewController.swift; sourceTree = "<group>"; };
		860DDF7C27E1B03C0018B74D /* Base */ = {isa = PBXFileReference; lastKnownFileType = file.storyboard; name = Base; path = Base.lproj/Main.storyboard; sourceTree = "<group>"; };
		860DDF7E27E1B0400018B74D /* Assets.xcassets */ = {isa = PBXFileReference; lastKnownFileType = folder.assetcatalog; path = Assets.xcassets; sourceTree = "<group>"; };
		860DDF8127E1B0400018B74D /* Base */ = {isa = PBXFileReference; lastKnownFileType = file.storyboard; name = Base; path = Base.lproj/LaunchScreen.storyboard; sourceTree = "<group>"; };
		860DDF8327E1B0400018B74D /* Info.plist */ = {isa = PBXFileReference; lastKnownFileType = text.plist.xml; path = Info.plist; sourceTree = "<group>"; };
		860DDF8D27E1B2780018B74D /* Extension.appex */ = {isa = PBXFileReference; explicitFileType = "wrapper.app-extension"; includeInIndex = 0; path = Extension.appex; sourceTree = BUILT_PRODUCTS_DIR; };
		860DDF8F27E1B2780018B74D /* UniformTypeIdentifiers.framework */ = {isa = PBXFileReference; lastKnownFileType = wrapper.framework; name = UniformTypeIdentifiers.framework; path = System/Library/Frameworks/UniformTypeIdentifiers.framework; sourceTree = SDKROOT; };
		860DDF9227E1B2780018B74D /* Media.xcassets */ = {isa = PBXFileReference; lastKnownFileType = folder.assetcatalog; path = Media.xcassets; sourceTree = "<group>"; };
		860DDF9427E1B2780018B74D /* ActionViewController.swift */ = {isa = PBXFileReference; lastKnownFileType = sourcecode.swift; path = ActionViewController.swift; sourceTree = "<group>"; };
		860DDF9727E1B2780018B74D /* Base */ = {isa = PBXFileReference; lastKnownFileType = file.storyboard; name = Base; path = Base.lproj/MainInterface.storyboard; sourceTree = "<group>"; };
		860DDF9927E1B2780018B74D /* Info.plist */ = {isa = PBXFileReference; lastKnownFileType = text.plist.xml; path = Info.plist; sourceTree = "<group>"; };
/* End PBXFileReference section */

/* Begin PBXFrameworksBuildPhase section */
		860DDF6F27E1B03C0018B74D /* Frameworks */ = {
			isa = PBXFrameworksBuildPhase;
			buildActionMask = 2147483647;
			files = (
			);
			runOnlyForDeploymentPostprocessing = 0;
		};
		860DDF8A27E1B2780018B74D /* Frameworks */ = {
			isa = PBXFrameworksBuildPhase;
			buildActionMask = 2147483647;
			files = (
				860DDF9027E1B2780018B74D /* UniformTypeIdentifiers.framework in Frameworks */,
			);
			runOnlyForDeploymentPostprocessing = 0;
		};
/* End PBXFrameworksBuildPhase section */

/* Begin PBXGroup section */
		860DDF6927E1B03C0018B74D = {
			isa = PBXGroup;
			children = (
				860DDF7427E1B03C0018B74D /* Project19_JavascriptInjection */,
				860DDF9127E1B2780018B74D /* Extension */,
				860DDF8E27E1B2780018B74D /* Frameworks */,
				860DDF7327E1B03C0018B74D /* Products */,
			);
			sourceTree = "<group>";
		};
		860DDF7327E1B03C0018B74D /* Products */ = {
			isa = PBXGroup;
			children = (
				860DDF7227E1B03C0018B74D /* Project19_JavascriptInjection.app */,
				860DDF8D27E1B2780018B74D /* Extension.appex */,
			);
			name = Products;
			sourceTree = "<group>";
		};
		860DDF7427E1B03C0018B74D /* Project19_JavascriptInjection */ = {
			isa = PBXGroup;
			children = (
				860DDF7527E1B03C0018B74D /* AppDelegate.swift */,
				860DDF7727E1B03C0018B74D /* SceneDelegate.swift */,
				860DDF7927E1B03C0018B74D /* ViewController.swift */,
				860DDF7B27E1B03C0018B74D /* Main.storyboard */,
				860DDF7E27E1B0400018B74D /* Assets.xcassets */,
				860DDF8027E1B0400018B74D /* LaunchScreen.storyboard */,
				860DDF8327E1B0400018B74D /* Info.plist */,
			);
			path = Project19_JavascriptInjection;
			sourceTree = "<group>";
		};
		860DDF8E27E1B2780018B74D /* Frameworks */ = {
			isa = PBXGroup;
			children = (
				860DDF8F27E1B2780018B74D /* UniformTypeIdentifiers.framework */,
			);
			name = Frameworks;
			sourceTree = "<group>";
		};
		860DDF9127E1B2780018B74D /* Extension */ = {
			isa = PBXGroup;
			children = (
				860DDF9227E1B2780018B74D /* Media.xcassets */,
				860DDF9427E1B2780018B74D /* ActionViewController.swift */,
				860DDF9627E1B2780018B74D /* MainInterface.storyboard */,
				860DDF9927E1B2780018B74D /* Info.plist */,
			);
			path = Extension;
			sourceTree = "<group>";
		};
/* End PBXGroup section */

/* Begin PBXNativeTarget section */
		860DDF7127E1B03C0018B74D /* Project19_JavascriptInjection */ = {
			isa = PBXNativeTarget;
			buildConfigurationList = 860DDF8627E1B0400018B74D /* Build configuration list for PBXNativeTarget "Project19_JavascriptInjection" */;
			buildPhases = (
				860DDF6E27E1B03C0018B74D /* Sources */,
				860DDF6F27E1B03C0018B74D /* Frameworks */,
				860DDF7027E1B03C0018B74D /* Resources */,
				860DDFA027E1B2780018B74D /* Embed App Extensions */,
			);
			buildRules = (
			);
			dependencies = (
				860DDF9B27E1B2780018B74D /* PBXTargetDependency */,
			);
			name = Project19_JavascriptInjection;
			productName = Project19_JavascriptInjection;
			productReference = 860DDF7227E1B03C0018B74D /* Project19_JavascriptInjection.app */;
			productType = "com.apple.product-type.application";
		};
		860DDF8C27E1B2780018B74D /* Extension */ = {
			isa = PBXNativeTarget;
			buildConfigurationList = 860DDF9D27E1B2780018B74D /* Build configuration list for PBXNativeTarget "Extension" */;
			buildPhases = (
				860DDF8927E1B2780018B74D /* Sources */,
				860DDF8A27E1B2780018B74D /* Frameworks */,
				860DDF8B27E1B2780018B74D /* Resources */,
			);
			buildRules = (
			);
			dependencies = (
			);
			name = Extension;
			productName = Extension;
			productReference = 860DDF8D27E1B2780018B74D /* Extension.appex */;
			productType = "com.apple.product-type.app-extension";
		};
/* End PBXNativeTarget section */

/* Begin PBXProject section */
		860DDF6A27E1B03C0018B74D /* Project object */ = {
			isa = PBXProject;
			attributes = {
				BuildIndependentTargetsInParallel = 1;
				LastSwiftUpdateCheck = 1330;
				LastUpgradeCheck = 1330;
				TargetAttributes = {
					860DDF7127E1B03C0018B74D = {
						CreatedOnToolsVersion = 13.3;
					};
					860DDF8C27E1B2780018B74D = {
						CreatedOnToolsVersion = 13.3;
					};
				};
			};
			buildConfigurationList = 860DDF6D27E1B03C0018B74D /* Build configuration list for PBXProject "Project19_JavascriptInjection" */;
			compatibilityVersion = "Xcode 13.0";
			developmentRegion = en;
			hasScannedForEncodings = 0;
			knownRegions = (
				en,
				Base,
			);
			mainGroup = 860DDF6927E1B03C0018B74D;
			productRefGroup = 860DDF7327E1B03C0018B74D /* Products */;
			projectDirPath = "";
			projectRoot = "";
			targets = (
				860DDF7127E1B03C0018B74D /* Project19_JavascriptInjection */,
				860DDF8C27E1B2780018B74D /* Extension */,
			);
		};
/* End PBXProject section */

/* Begin PBXResourcesBuildPhase section */
		860DDF7027E1B03C0018B74D /* Resources */ = {
			isa = PBXResourcesBuildPhase;
			buildActionMask = 2147483647;
			files = (
				860DDF8227E1B0400018B74D /* LaunchScreen.storyboard in Resources */,
				860DDF7F27E1B0400018B74D /* Assets.xcassets in Resources */,
				860DDF7D27E1B03C0018B74D /* Main.storyboard in Resources */,
			);
			runOnlyForDeploymentPostprocessing = 0;
		};
		860DDF8B27E1B2780018B74D /* Resources */ = {
			isa = PBXResourcesBuildPhase;
			buildActionMask = 2147483647;
			files = (
				860DDF9327E1B2780018B74D /* Media.xcassets in Resources */,
				860DDF9827E1B2780018B74D /* MainInterface.storyboard in Resources */,
			);
			runOnlyForDeploymentPostprocessing = 0;
		};
/* End PBXResourcesBuildPhase section */

/* Begin PBXSourcesBuildPhase section */
		860DDF6E27E1B03C0018B74D /* Sources */ = {
			isa = PBXSourcesBuildPhase;
			buildActionMask = 2147483647;
			files = (
				860DDF7A27E1B03C0018B74D /* ViewController.swift in Sources */,
				860DDF7627E1B03C0018B74D /* AppDelegate.swift in Sources */,
				860DDF7827E1B03C0018B74D /* SceneDelegate.swift in Sources */,
			);
			runOnlyForDeploymentPostprocessing = 0;
		};
		860DDF8927E1B2780018B74D /* Sources */ = {
			isa = PBXSourcesBuildPhase;
			buildActionMask = 2147483647;
			files = (
				860DDF9527E1B2780018B74D /* ActionViewController.swift in Sources */,
			);
			runOnlyForDeploymentPostprocessing = 0;
		};
/* End PBXSourcesBuildPhase section */

/* Begin PBXTargetDependency section */
		860DDF9B27E1B2780018B74D /* PBXTargetDependency */ = {
			isa = PBXTargetDependency;
			target = 860DDF8C27E1B2780018B74D /* Extension */;
			targetProxy = 860DDF9A27E1B2780018B74D /* PBXContainerItemProxy */;
		};
/* End PBXTargetDependency section */

/* Begin PBXVariantGroup section */
		860DDF7B27E1B03C0018B74D /* Main.storyboard */ = {
			isa = PBXVariantGroup;
			children = (
				860DDF7C27E1B03C0018B74D /* Base */,
			);
			name = Main.storyboard;
			sourceTree = "<group>";
		};
		860DDF8027E1B0400018B74D /* LaunchScreen.storyboard */ = {
			isa = PBXVariantGroup;
			children = (
				860DDF8127E1B0400018B74D /* Base */,
			);
			name = LaunchScreen.storyboard;
			sourceTree = "<group>";
		};
		860DDF9627E1B2780018B74D /* MainInterface.storyboard */ = {
			isa = PBXVariantGroup;
			children = (
				860DDF9727E1B2780018B74D /* Base */,
			);
			name = MainInterface.storyboard;
			sourceTree = "<group>";
		};
/* End PBXVariantGroup section */

/* Begin XCBuildConfiguration section */
		860DDF8427E1B0400018B74D /* Debug */ = {
			isa = XCBuildConfiguration;
			buildSettings = {
				ALWAYS_SEARCH_USER_PATHS = NO;
				CLANG_ANALYZER_NONNULL = YES;
				CLANG_ANALYZER_NUMBER_OBJECT_CONVERSION = YES_AGGRESSIVE;
				CLANG_CXX_LANGUAGE_STANDARD = "gnu++17";
				CLANG_ENABLE_MODULES = YES;
				CLANG_ENABLE_OBJC_ARC = YES;
				CLANG_ENABLE_OBJC_WEAK = YES;
				CLANG_WARN_BLOCK_CAPTURE_AUTORELEASING = YES;
				CLANG_WARN_BOOL_CONVERSION = YES;
				CLANG_WARN_COMMA = YES;
				CLANG_WARN_CONSTANT_CONVERSION = YES;
				CLANG_WARN_DEPRECATED_OBJC_IMPLEMENTATIONS = YES;
				CLANG_WARN_DIRECT_OBJC_ISA_USAGE = YES_ERROR;
				CLANG_WARN_DOCUMENTATION_COMMENTS = YES;
				CLANG_WARN_EMPTY_BODY = YES;
				CLANG_WARN_ENUM_CONVERSION = YES;
				CLANG_WARN_INFINITE_RECURSION = YES;
				CLANG_WARN_INT_CONVERSION = YES;
				CLANG_WARN_NON_LITERAL_NULL_CONVERSION = YES;
				CLANG_WARN_OBJC_IMPLICIT_RETAIN_SELF = YES;
				CLANG_WARN_OBJC_LITERAL_CONVERSION = YES;
				CLANG_WARN_OBJC_ROOT_CLASS = YES_ERROR;
				CLANG_WARN_QUOTED_INCLUDE_IN_FRAMEWORK_HEADER = YES;
				CLANG_WARN_RANGE_LOOP_ANALYSIS = YES;
				CLANG_WARN_STRICT_PROTOTYPES = YES;
				CLANG_WARN_SUSPICIOUS_MOVE = YES;
				CLANG_WARN_UNGUARDED_AVAILABILITY = YES_AGGRESSIVE;
				CLANG_WARN_UNREACHABLE_CODE = YES;
				CLANG_WARN__DUPLICATE_METHOD_MATCH = YES;
				COPY_PHASE_STRIP = NO;
				DEBUG_INFORMATION_FORMAT = dwarf;
				ENABLE_STRICT_OBJC_MSGSEND = YES;
				ENABLE_TESTABILITY = YES;
				GCC_C_LANGUAGE_STANDARD = gnu11;
				GCC_DYNAMIC_NO_PIC = NO;
				GCC_NO_COMMON_BLOCKS = YES;
				GCC_OPTIMIZATION_LEVEL = 0;
				GCC_PREPROCESSOR_DEFINITIONS = (
					"DEBUG=1",
					"$(inherited)",
				);
				GCC_WARN_64_TO_32_BIT_CONVERSION = YES;
				GCC_WARN_ABOUT_RETURN_TYPE = YES_ERROR;
				GCC_WARN_UNDECLARED_SELECTOR = YES;
				GCC_WARN_UNINITIALIZED_AUTOS = YES_AGGRESSIVE;
				GCC_WARN_UNUSED_FUNCTION = YES;
				GCC_WARN_UNUSED_VARIABLE = YES;
				IPHONEOS_DEPLOYMENT_TARGET = 15.4;
				MTL_ENABLE_DEBUG_INFO = INCLUDE_SOURCE;
				MTL_FAST_MATH = YES;
				ONLY_ACTIVE_ARCH = YES;
				SDKROOT = iphoneos;
				SWIFT_ACTIVE_COMPILATION_CONDITIONS = DEBUG;
				SWIFT_OPTIMIZATION_LEVEL = "-Onone";
			};
			name = Debug;
		};
		860DDF8527E1B0400018B74D /* Release */ = {
			isa = XCBuildConfiguration;
			buildSettings = {
				ALWAYS_SEARCH_USER_PATHS = NO;
				CLANG_ANALYZER_NONNULL = YES;
				CLANG_ANALYZER_NUMBER_OBJECT_CONVERSION = YES_AGGRESSIVE;
				CLANG_CXX_LANGUAGE_STANDARD = "gnu++17";
				CLANG_ENABLE_MODULES = YES;
				CLANG_ENABLE_OBJC_ARC = YES;
				CLANG_ENABLE_OBJC_WEAK = YES;
				CLANG_WARN_BLOCK_CAPTURE_AUTORELEASING = YES;
				CLANG_WARN_BOOL_CONVERSION = YES;
				CLANG_WARN_COMMA = YES;
				CLANG_WARN_CONSTANT_CONVERSION = YES;
				CLANG_WARN_DEPRECATED_OBJC_IMPLEMENTATIONS = YES;
				CLANG_WARN_DIRECT_OBJC_ISA_USAGE = YES_ERROR;
				CLANG_WARN_DOCUMENTATION_COMMENTS = YES;
				CLANG_WARN_EMPTY_BODY = YES;
				CLANG_WARN_ENUM_CONVERSION = YES;
				CLANG_WARN_INFINITE_RECURSION = YES;
				CLANG_WARN_INT_CONVERSION = YES;
				CLANG_WARN_NON_LITERAL_NULL_CONVERSION = YES;
				CLANG_WARN_OBJC_IMPLICIT_RETAIN_SELF = YES;
				CLANG_WARN_OBJC_LITERAL_CONVERSION = YES;
				CLANG_WARN_OBJC_ROOT_CLASS = YES_ERROR;
				CLANG_WARN_QUOTED_INCLUDE_IN_FRAMEWORK_HEADER = YES;
				CLANG_WARN_RANGE_LOOP_ANALYSIS = YES;
				CLANG_WARN_STRICT_PROTOTYPES = YES;
				CLANG_WARN_SUSPICIOUS_MOVE = YES;
				CLANG_WARN_UNGUARDED_AVAILABILITY = YES_AGGRESSIVE;
				CLANG_WARN_UNREACHABLE_CODE = YES;
				CLANG_WARN__DUPLICATE_METHOD_MATCH = YES;
				COPY_PHASE_STRIP = NO;
				DEBUG_INFORMATION_FORMAT = "dwarf-with-dsym";
				ENABLE_NS_ASSERTIONS = NO;
				ENABLE_STRICT_OBJC_MSGSEND = YES;
				GCC_C_LANGUAGE_STANDARD = gnu11;
				GCC_NO_COMMON_BLOCKS = YES;
				GCC_WARN_64_TO_32_BIT_CONVERSION = YES;
				GCC_WARN_ABOUT_RETURN_TYPE = YES_ERROR;
				GCC_WARN_UNDECLARED_SELECTOR = YES;
				GCC_WARN_UNINITIALIZED_AUTOS = YES_AGGRESSIVE;
				GCC_WARN_UNUSED_FUNCTION = YES;
				GCC_WARN_UNUSED_VARIABLE = YES;
				IPHONEOS_DEPLOYMENT_TARGET = 15.4;
				MTL_ENABLE_DEBUG_INFO = NO;
				MTL_FAST_MATH = YES;
				SDKROOT = iphoneos;
				SWIFT_COMPILATION_MODE = wholemodule;
				SWIFT_OPTIMIZATION_LEVEL = "-O";
				VALIDATE_PRODUCT = YES;
			};
			name = Release;
		};
		860DDF8727E1B0400018B74D /* Debug */ = {
			isa = XCBuildConfiguration;
			buildSettings = {
				ALWAYS_EMBED_SWIFT_STANDARD_LIBRARIES = YES;
				ASSETCATALOG_COMPILER_APPICON_NAME = AppIcon;
				ASSETCATALOG_COMPILER_GLOBAL_ACCENT_COLOR_NAME = AccentColor;
				CODE_SIGN_STYLE = Automatic;
				CURRENT_PROJECT_VERSION = 1;
				DEVELOPMENT_TEAM = VHMFV6J7GZ;
				GENERATE_INFOPLIST_FILE = YES;
				INFOPLIST_FILE = Project19_JavascriptInjection/Info.plist;
				INFOPLIST_KEY_UIApplicationSupportsIndirectInputEvents = YES;
				INFOPLIST_KEY_UILaunchStoryboardName = LaunchScreen;
				INFOPLIST_KEY_UIMainStoryboardFile = Main;
				INFOPLIST_KEY_UISupportedInterfaceOrientations_iPad = "UIInterfaceOrientationPortrait UIInterfaceOrientationPortraitUpsideDown UIInterfaceOrientationLandscapeLeft UIInterfaceOrientationLandscapeRight";
				INFOPLIST_KEY_UISupportedInterfaceOrientations_iPhone = "UIInterfaceOrientationPortrait UIInterfaceOrientationLandscapeLeft UIInterfaceOrientationLandscapeRight";
				LD_RUNPATH_SEARCH_PATHS = (
					"$(inherited)",
					"@executable_path/Frameworks",
				);
				MARKETING_VERSION = 1.0;
				PRODUCT_BUNDLE_IDENTIFIER = "com.8bitoctave.Project19-JavascriptInjection";
				PRODUCT_NAME = "$(TARGET_NAME)";
				SWIFT_EMIT_LOC_STRINGS = YES;
				SWIFT_VERSION = 5.0;
				TARGETED_DEVICE_FAMILY = "1,2";
			};
			name = Debug;
		};
		860DDF8827E1B0400018B74D /* Release */ = {
			isa = XCBuildConfiguration;
			buildSettings = {
				ALWAYS_EMBED_SWIFT_STANDARD_LIBRARIES = YES;
				ASSETCATALOG_COMPILER_APPICON_NAME = AppIcon;
				ASSETCATALOG_COMPILER_GLOBAL_ACCENT_COLOR_NAME = AccentColor;
				CODE_SIGN_STYLE = Automatic;
				CURRENT_PROJECT_VERSION = 1;
				DEVELOPMENT_TEAM = VHMFV6J7GZ;
				GENERATE_INFOPLIST_FILE = YES;
				INFOPLIST_FILE = Project19_JavascriptInjection/Info.plist;
				INFOPLIST_KEY_UIApplicationSupportsIndirectInputEvents = YES;
				INFOPLIST_KEY_UILaunchStoryboardName = LaunchScreen;
				INFOPLIST_KEY_UIMainStoryboardFile = Main;
				INFOPLIST_KEY_UISupportedInterfaceOrientations_iPad = "UIInterfaceOrientationPortrait UIInterfaceOrientationPortraitUpsideDown UIInterfaceOrientationLandscapeLeft UIInterfaceOrientationLandscapeRight";
				INFOPLIST_KEY_UISupportedInterfaceOrientations_iPhone = "UIInterfaceOrientationPortrait UIInterfaceOrientationLandscapeLeft UIInterfaceOrientationLandscapeRight";
				LD_RUNPATH_SEARCH_PATHS = (
					"$(inherited)",
					"@executable_path/Frameworks",
				);
				MARKETING_VERSION = 1.0;
				PRODUCT_BUNDLE_IDENTIFIER = "com.8bitoctave.Project19-JavascriptInjection";
				PRODUCT_NAME = "$(TARGET_NAME)";
				SWIFT_EMIT_LOC_STRINGS = YES;
				SWIFT_VERSION = 5.0;
				TARGETED_DEVICE_FAMILY = "1,2";
			};
			name = Release;
		};
		860DDF9E27E1B2780018B74D /* Debug */ = {
			isa = XCBuildConfiguration;
			buildSettings = {
				CODE_SIGN_STYLE = Automatic;
				CURRENT_PROJECT_VERSION = 1;
				DEVELOPMENT_TEAM = VHMFV6J7GZ;
				GENERATE_INFOPLIST_FILE = YES;
				INFOPLIST_FILE = Extension/Info.plist;
				INFOPLIST_KEY_CFBundleDisplayName = Extension;
				INFOPLIST_KEY_NSHumanReadableCopyright = "";
				LD_RUNPATH_SEARCH_PATHS = (
					"$(inherited)",
					"@executable_path/Frameworks",
					"@executable_path/../../Frameworks",
				);
				MARKETING_VERSION = 1.0;
				PRODUCT_BUNDLE_IDENTIFIER = "com.8bitoctave.Project19-JavascriptInjection.Extension";
				PRODUCT_NAME = "$(TARGET_NAME)";
				SKIP_INSTALL = YES;
				SWIFT_EMIT_LOC_STRINGS = YES;
				SWIFT_VERSION = 5.0;
				TARGETED_DEVICE_FAMILY = "1,2";
			};
			name = Debug;
		};
		860DDF9F27E1B2780018B74D /* Release */ = {
			isa = XCBuildConfiguration;
			buildSettings = {
				CODE_SIGN_STYLE = Automatic;
				CURRENT_PROJECT_VERSION = 1;
				DEVELOPMENT_TEAM = VHMFV6J7GZ;
				GENERATE_INFOPLIST_FILE = YES;
				INFOPLIST_FILE = Extension/Info.plist;
				INFOPLIST_KEY_CFBundleDisplayName = Extension;
				INFOPLIST_KEY_NSHumanReadableCopyright = "";
				LD_RUNPATH_SEARCH_PATHS = (
					"$(inherited)",
					"@executable_path/Frameworks",
					"@executable_path/../../Frameworks",
				);
				MARKETING_VERSION = 1.0;
				PRODUCT_BUNDLE_IDENTIFIER = "com.8bitoctave.Project19-JavascriptInjection.Extension";
				PRODUCT_NAME = "$(TARGET_NAME)";
				SKIP_INSTALL = YES;
				SWIFT_EMIT_LOC_STRINGS = YES;
				SWIFT_VERSION = 5.0;
				TARGETED_DEVICE_FAMILY = "1,2";
			};
			name = Release;
		};
/* End XCBuildConfiguration section */

/* Begin XCConfigurationList section */
		860DDF6D27E1B03C0018B74D /* Build configuration list for PBXProject "Project19_JavascriptInjection" */ = {
			isa = XCConfigurationList;
			buildConfigurations = (
				860DDF8427E1B0400018B74D /* Debug */,
				860DDF8527E1B0400018B74D /* Release */,
			);
			defaultConfigurationIsVisible = 0;
			defaultConfigurationName = Release;
		};
		860DDF8627E1B0400018B74D /* Build configuration list for PBXNativeTarget "Project19_JavascriptInjection" */ = {
			isa = XCConfigurationList;
			buildConfigurations = (
				860DDF8727E1B0400018B74D /* Debug */,
				860DDF8827E1B0400018B74D /* Release */,
			);
			defaultConfigurationIsVisible = 0;
			defaultConfigurationName = Release;
		};
		860DDF9D27E1B2780018B74D /* Build configuration list for PBXNativeTarget "Extension" */ = {
			isa = XCConfigurationList;
			buildConfigurations = (
				860DDF9E27E1B2780018B74D /* Debug */,
				860DDF9F27E1B2780018B74D /* Release */,
			);
			defaultConfigurationIsVisible = 0;
			defaultConfigurationName = Release;
		};
/* End XCConfigurationList section */
	};
	rootObject = 860DDF6A27E1B03C0018B74D /* Project object */;
}
